Microsoft Visual Studio Solution File, Format Version 12.00
# Visual Studio Version 17
VisualStudioVersion = 17.5.2.0
MinimumVisualStudioVersion = 10.0.40219.1
Project("{FAE04EC0-301F-11D3-BF4B-00C04F79EFBC}") = "ExtendString", "ExtendString.csproj", "{E266D99E-CC79-7A13-5C2A-C306581BB451}"
EndProject
Global
	GlobalSection(SolutionConfigurationPlatforms) = preSolution
		Debug|Any CPU = Debug|Any CPU
		Release|Any CPU = Release|Any CPU
	EndGlobalSection
	GlobalSection(ProjectConfigurationPlatforms) = postSolution
		{E266D99E-CC79-7A13-5C2A-C306581BB451}.Debug|Any CPU.ActiveCfg = Debug|Any CPU
		{E266D99E-CC79-7A13-5C2A-C306581BB451}.Debug|Any CPU.Build.0 = Debug|Any CPU
		{E266D99E-CC79-7A13-5C2A-C306581BB451}.Release|Any CPU.ActiveCfg = Release|Any CPU
		{E266D99E-CC79-7A13-5C2A-C306581BB451}.Release|Any CPU.Build.0 = Release|Any CPU
	EndGlobalSection
	GlobalSection(SolutionProperties) = preSolution
		HideSolutionNode = FALSE
	EndGlobalSection
	GlobalSection(ExtensibilityGlobals) = postSolution
		SolutionGuid = {04E8E4BA-F598-436D-BD0B-E6D02E0EE9FB}
	EndGlobalSection
EndGlobal
